
Microsoft Visual Studio Solution File, Format Version 12.00
# Visual Studio Version 16
VisualStudioVersion = 16.0.29102.190
MinimumVisualStudioVersion = 10.0.40219.1
Project("{FAE04EC0-301F-11D3-BF4B-00C04F79EFBC}") = "camaronera", "camaronera.csproj", "{BA612AD2-AE27-4766-B820-51183CCCFBDB}"
EndProject
Global
	GlobalSection(SolutionConfigurationPlatforms) = preSolution
		Debug|Any CPU = Debug|Any CPU
		Release|Any CPU = Release|Any CPU
	EndGlobalSection
	GlobalSection(ProjectConfigurationPlatforms) = postSolution
		{BA612AD2-AE27-4766-B820-51183CCCFBDB}.Debug|Any CPU.ActiveCfg = Debug|Any CPU
		{BA612AD2-AE27-4766-B820-51183CCCFBDB}.Debug|Any CPU.Build.0 = Debug|Any CPU
		{BA612AD2-AE27-4766-B820-51183CCCFBDB}.Release|Any CPU.ActiveCfg = Release|Any CPU
		{BA612AD2-AE27-4766-B820-51183CCCFBDB}.Release|Any CPU.Build.0 = Release|Any CPU
	EndGlobalSection
	GlobalSection(SolutionProperties) = preSolution
		HideSolutionNode = FALSE
	EndGlobalSection
	GlobalSection(ExtensibilityGlobals) = postSolution
		SolutionGuid = {2E9206F8-B27F-40F3-AE78-132FC5FECEB8}
	EndGlobalSection
EndGlobal
